
Microsoft Visual Studio Solution File, Format Version 12.00
Project("{FAE04EC0-301F-11D3-BF4B-00C04F79EFBC}") = "PaymentContext.Domain", "PaymentContext.Domain\PaymentContext.Domain.csproj", "{C6E88715-6BBA-4FF8-9627-895733955A0F}"
	ProjectSection(ProjectDependencies) = postProject
		{8AC4E7B7-F981-49CE-8D5F-CF319B7CA3CB} = {8AC4E7B7-F981-49CE-8D5F-CF319B7CA3CB}
	EndProjectSection
EndProject
Project("{FAE04EC0-301F-11D3-BF4B-00C04F79EFBC}") = "PaymentContext.Shared", "PaymentContext.Shared\PaymentContext.Shared.csproj", "{8AC4E7B7-F981-49CE-8D5F-CF319B7CA3CB}"
EndProject
Project("{FAE04EC0-301F-11D3-BF4B-00C04F79EFBC}") = "PaymentContext.Tests", "PaymentContext.Tests\PaymentContext.Tests.csproj", "{56ED7001-CD19-49D6-AB7D-8AA717983031}"
	ProjectSection(ProjectDependencies) = postProject
		{C6E88715-6BBA-4FF8-9627-895733955A0F} = {C6E88715-6BBA-4FF8-9627-895733955A0F}
		{8AC4E7B7-F981-49CE-8D5F-CF319B7CA3CB} = {8AC4E7B7-F981-49CE-8D5F-CF319B7CA3CB}
	EndProjectSection
EndProject
Global
	GlobalSection(SolutionConfigurationPlatforms) = preSolution
		Debug|Any CPU = Debug|Any CPU
		Release|Any CPU = Release|Any CPU
	EndGlobalSection
	GlobalSection(ProjectConfigurationPlatforms) = postSolution
		{C6E88715-6BBA-4FF8-9627-895733955A0F}.Debug|Any CPU.ActiveCfg = Debug|Any CPU
		{C6E88715-6BBA-4FF8-9627-895733955A0F}.Debug|Any CPU.Build.0 = Debug|Any CPU
		{C6E88715-6BBA-4FF8-9627-895733955A0F}.Release|Any CPU.ActiveCfg = Release|Any CPU
		{C6E88715-6BBA-4FF8-9627-895733955A0F}.Release|Any CPU.Build.0 = Release|Any CPU
		{8AC4E7B7-F981-49CE-8D5F-CF319B7CA3CB}.Debug|Any CPU.ActiveCfg = Debug|Any CPU
		{8AC4E7B7-F981-49CE-8D5F-CF319B7CA3CB}.Debug|Any CPU.Build.0 = Debug|Any CPU
		{8AC4E7B7-F981-49CE-8D5F-CF319B7CA3CB}.Release|Any CPU.ActiveCfg = Release|Any CPU
		{8AC4E7B7-F981-49CE-8D5F-CF319B7CA3CB}.Release|Any CPU.Build.0 = Release|Any CPU
		{56ED7001-CD19-49D6-AB7D-8AA717983031}.Debug|Any CPU.ActiveCfg = Debug|Any CPU
		{56ED7001-CD19-49D6-AB7D-8AA717983031}.Debug|Any CPU.Build.0 = Debug|Any CPU
		{56ED7001-CD19-49D6-AB7D-8AA717983031}.Release|Any CPU.ActiveCfg = Release|Any CPU
		{56ED7001-CD19-49D6-AB7D-8AA717983031}.Release|Any CPU.Build.0 = Release|Any CPU
	EndGlobalSection
EndGlobal
