
Microsoft Visual Studio Solution File, Format Version 12.00
# Visual Studio Version 17
VisualStudioVersion = 17.5.002.0
MinimumVisualStudioVersion = 10.0.40219.1
Project("{9A19103F-16F7-4668-BE54-9A1E7A4F7556}") = "Balta", "Balta.csproj", "{A9533311-9276-4B36-9615-8725FC2C79ED}"
EndProject
Global
	GlobalSection(SolutionConfigurationPlatforms) = preSolution
		Debug|Any CPU = Debug|Any CPU
		Release|Any CPU = Release|Any CPU
	EndGlobalSection
	GlobalSection(ProjectConfigurationPlatforms) = postSolution
		{A9533311-9276-4B36-9615-8725FC2C79ED}.Debug|Any CPU.ActiveCfg = Debug|Any CPU
		{A9533311-9276-4B36-9615-8725FC2C79ED}.Debug|Any CPU.Build.0 = Debug|Any CPU
		{A9533311-9276-4B36-9615-8725FC2C79ED}.Release|Any CPU.ActiveCfg = Release|Any CPU
		{A9533311-9276-4B36-9615-8725FC2C79ED}.Release|Any CPU.Build.0 = Release|Any CPU
	EndGlobalSection
	GlobalSection(SolutionProperties) = preSolution
		HideSolutionNode = FALSE
	EndGlobalSection
	GlobalSection(ExtensibilityGlobals) = postSolution
		SolutionGuid = {07D43FCC-892D-4355-A16F-E560084F3E8A}
	EndGlobalSection
EndGlobal
